// !$*UTF8*$!
{
	archiveVersion = 1;
	classes = {
	};
	objectVersion = 50;
	objects = {

/* Begin PBXBuildFile section */
		9A08069D261B565400F92566 /* Logger.swift in Sources */ = {isa = PBXBuildFile; fileRef = 9A08069C261B565400F92566 /* Logger.swift */; };
		9A4EF2AD29302C7E0060FE20 /* AutoDiscovery.swift in Sources */ = {isa = PBXBuildFile; fileRef = 9A4EF2AC29302C7E0060FE20 /* AutoDiscovery.swift */; };
		9A4EF2B1293046C70060FE20 /* UDPBroadcastConnection.swift in Sources */ = {isa = PBXBuildFile; fileRef = 9A4EF2AF293046C60060FE20 /* UDPBroadcastConnection.swift */; };
		9A4EF2B2293046C70060FE20 /* UDPBroadcastConnectionError.swift in Sources */ = {isa = PBXBuildFile; fileRef = 9A4EF2B0293046C60060FE20 /* UDPBroadcastConnectionError.swift */; };
		9A728BB8263DFFBD00E8605D /* AppDelegate.swift in Sources */ = {isa = PBXBuildFile; fileRef = 9A728BB7263DFFBD00E8605D /* AppDelegate.swift */; };
		9A728BDA263E00BB00E8605D /* SceneDelegate.swift in Sources */ = {isa = PBXBuildFile; fileRef = 9A728BD9263E00BB00E8605D /* SceneDelegate.swift */; };
		9A728BDC263E018400E8605D /* Main.storyboard in Resources */ = {isa = PBXBuildFile; fileRef = 9A728BDB263E018400E8605D /* Main.storyboard */; };
		9A728BDE263E020E00E8605D /* ConnectViewController.swift in Sources */ = {isa = PBXBuildFile; fileRef = 9A728BDD263E020E00E8605D /* ConnectViewController.swift */; };
		9A728BE0263E139800E8605D /* LaunchScreen.storyboard in Resources */ = {isa = PBXBuildFile; fileRef = 9A728BDF263E139800E8605D /* LaunchScreen.storyboard */; };
		9A728BE3263E143F00E8605D /* InfoViewController.swift in Sources */ = {isa = PBXBuildFile; fileRef = 9A728BE2263E143F00E8605D /* InfoViewController.swift */; };
		9A728BE5263E144A00E8605D /* StatusViewController.swift in Sources */ = {isa = PBXBuildFile; fileRef = 9A728BE4263E144A00E8605D /* StatusViewController.swift */; };
		9A728BE7263E3DF900E8605D /* FadeTextView.swift in Sources */ = {isa = PBXBuildFile; fileRef = 9A728BE6263E3DF900E8605D /* FadeTextView.swift */; };
		9AE6EBF92619FBFB007C6BBA /* OwOTrackerApp.swift in Sources */ = {isa = PBXBuildFile; fileRef = 9AE6EBF82619FBFB007C6BBA /* OwOTrackerApp.swift */; };
		9AE6EBFB2619FBFB007C6BBA /* ContentView.swift in Sources */ = {isa = PBXBuildFile; fileRef = 9AE6EBFA2619FBFB007C6BBA /* ContentView.swift */; };
		9AE6EBFD2619FBFD007C6BBA /* Assets.xcassets in Resources */ = {isa = PBXBuildFile; fileRef = 9AE6EBFC2619FBFD007C6BBA /* Assets.xcassets */; };
		9AE6EC002619FBFD007C6BBA /* Preview Assets.xcassets in Resources */ = {isa = PBXBuildFile; fileRef = 9AE6EBFF2619FBFD007C6BBA /* Preview Assets.xcassets */; };
		9AE6EC282619FCC9007C6BBA /* Quaternion.swift in Sources */ = {isa = PBXBuildFile; fileRef = 9AE6EC272619FCC9007C6BBA /* Quaternion.swift */; };
		9AE6EC302619FEC9007C6BBA /* Vector3.swift in Sources */ = {isa = PBXBuildFile; fileRef = 9AE6EC2F2619FEC9007C6BBA /* Vector3.swift */; };
		9AE6EC48261A3472007C6BBA /* UDPGyroProviderClient.swift in Sources */ = {isa = PBXBuildFile; fileRef = 9AE6EC47261A3472007C6BBA /* UDPGyroProviderClient.swift */; };
		9AE6EC4D261A369D007C6BBA /* TrackingService.swift in Sources */ = {isa = PBXBuildFile; fileRef = 9AE6EC4C261A369D007C6BBA /* TrackingService.swift */; };
		9AE6EC52261A3755007C6BBA /* GyroHandler.swift in Sources */ = {isa = PBXBuildFile; fileRef = 9AE6EC51261A3755007C6BBA /* GyroHandler.swift */; };
/* End PBXBuildFile section */

/* Begin PBXFileReference section */
		9A08069C261B565400F92566 /* Logger.swift */ = {isa = PBXFileReference; lastKnownFileType = sourcecode.swift; path = Logger.swift; sourceTree = "<group>"; };
		9A4EF2AC29302C7E0060FE20 /* AutoDiscovery.swift */ = {isa = PBXFileReference; lastKnownFileType = sourcecode.swift; path = AutoDiscovery.swift; sourceTree = "<group>"; };
		9A4EF2AF293046C60060FE20 /* UDPBroadcastConnection.swift */ = {isa = PBXFileReference; fileEncoding = 4; lastKnownFileType = sourcecode.swift; path = UDPBroadcastConnection.swift; sourceTree = "<group>"; };
		9A4EF2B0293046C60060FE20 /* UDPBroadcastConnectionError.swift */ = {isa = PBXFileReference; fileEncoding = 4; lastKnownFileType = sourcecode.swift; path = UDPBroadcastConnectionError.swift; sourceTree = "<group>"; };
		9A728BB7263DFFBD00E8605D /* AppDelegate.swift */ = {isa = PBXFileReference; lastKnownFileType = sourcecode.swift; path = AppDelegate.swift; sourceTree = "<group>"; };
		9A728BD9263E00BB00E8605D /* SceneDelegate.swift */ = {isa = PBXFileReference; lastKnownFileType = sourcecode.swift; path = SceneDelegate.swift; sourceTree = "<group>"; };
		9A728BDB263E018400E8605D /* Main.storyboard */ = {isa = PBXFileReference; lastKnownFileType = file.storyboard; path = Main.storyboard; sourceTree = "<group>"; };
		9A728BDD263E020E00E8605D /* ConnectViewController.swift */ = {isa = PBXFileReference; lastKnownFileType = sourcecode.swift; path = ConnectViewController.swift; sourceTree = "<group>"; };
		9A728BDF263E139800E8605D /* LaunchScreen.storyboard */ = {isa = PBXFileReference; lastKnownFileType = file.storyboard; path = LaunchScreen.storyboard; sourceTree = "<group>"; };
		9A728BE2263E143F00E8605D /* InfoViewController.swift */ = {isa = PBXFileReference; lastKnownFileType = sourcecode.swift; path = InfoViewController.swift; sourceTree = "<group>"; };
		9A728BE4263E144A00E8605D /* StatusViewController.swift */ = {isa = PBXFileReference; lastKnownFileType = sourcecode.swift; path = StatusViewController.swift; sourceTree = "<group>"; };
		9A728BE6263E3DF900E8605D /* FadeTextView.swift */ = {isa = PBXFileReference; lastKnownFileType = sourcecode.swift; path = FadeTextView.swift; sourceTree = "<group>"; };
		9AE6EBF52619FBFB007C6BBA /* OwOTracker.app */ = {isa = PBXFileReference; explicitFileType = wrapper.application; includeInIndex = 0; path = OwOTracker.app; sourceTree = BUILT_PRODUCTS_DIR; };
		9AE6EBF82619FBFB007C6BBA /* OwOTrackerApp.swift */ = {isa = PBXFileReference; lastKnownFileType = sourcecode.swift; path = OwOTrackerApp.swift; sourceTree = "<group>"; };
		9AE6EBFA2619FBFB007C6BBA /* ContentView.swift */ = {isa = PBXFileReference; lastKnownFileType = sourcecode.swift; path = ContentView.swift; sourceTree = "<group>"; };
		9AE6EBFC2619FBFD007C6BBA /* Assets.xcassets */ = {isa = PBXFileReference; lastKnownFileType = folder.assetcatalog; path = Assets.xcassets; sourceTree = "<group>"; };
		9AE6EBFF2619FBFD007C6BBA /* Preview Assets.xcassets */ = {isa = PBXFileReference; lastKnownFileType = folder.assetcatalog; path = "Preview Assets.xcassets"; sourceTree = "<group>"; };
		9AE6EC012619FBFD007C6BBA /* Info.plist */ = {isa = PBXFileReference; lastKnownFileType = text.plist.xml; path = Info.plist; sourceTree = "<group>"; };
		9AE6EC272619FCC9007C6BBA /* Quaternion.swift */ = {isa = PBXFileReference; lastKnownFileType = sourcecode.swift; path = Quaternion.swift; sourceTree = "<group>"; };
		9AE6EC2F2619FEC9007C6BBA /* Vector3.swift */ = {isa = PBXFileReference; lastKnownFileType = sourcecode.swift; path = Vector3.swift; sourceTree = "<group>"; };
		9AE6EC47261A3472007C6BBA /* UDPGyroProviderClient.swift */ = {isa = PBXFileReference; lastKnownFileType = sourcecode.swift; path = UDPGyroProviderClient.swift; sourceTree = "<group>"; };
		9AE6EC4C261A369D007C6BBA /* TrackingService.swift */ = {isa = PBXFileReference; lastKnownFileType = sourcecode.swift; path = TrackingService.swift; sourceTree = "<group>"; };
		9AE6EC51261A3755007C6BBA /* GyroHandler.swift */ = {isa = PBXFileReference; lastKnownFileType = sourcecode.swift; path = GyroHandler.swift; sourceTree = "<group>"; };
/* End PBXFileReference section */

/* Begin PBXFrameworksBuildPhase section */
		9AE6EBF22619FBFB007C6BBA /* Frameworks */ = {
			isa = PBXFrameworksBuildPhase;
			buildActionMask = 2147483647;
			files = (
			);
			runOnlyForDeploymentPostprocessing = 0;
		};
/* End PBXFrameworksBuildPhase section */

/* Begin PBXGroup section */
		9A4EF2AE293046B20060FE20 /* Lib */ = {
			isa = PBXGroup;
			children = (
				9A4EF2AF293046C60060FE20 /* UDPBroadcastConnection.swift */,
				9A4EF2B0293046C60060FE20 /* UDPBroadcastConnectionError.swift */,
			);
			path = Lib;
			sourceTree = "<group>";
		};
		9A728BB6263DD06100E8605D /* SwiftUI */ = {
			isa = PBXGroup;
			children = (
				9AE6EBF82619FBFB007C6BBA /* OwOTrackerApp.swift */,
				9AE6EBFA2619FBFB007C6BBA /* ContentView.swift */,
			);
			path = SwiftUI;
			sourceTree = "<group>";
		};
		9A728BE1263E13C000E8605D /* UI */ = {
			isa = PBXGroup;
			children = (
				9A728BDD263E020E00E8605D /* ConnectViewController.swift */,
				9A728BE6263E3DF900E8605D /* FadeTextView.swift */,
				9A728BE2263E143F00E8605D /* InfoViewController.swift */,
				9A728BE4263E144A00E8605D /* StatusViewController.swift */,
				9A728BDF263E139800E8605D /* LaunchScreen.storyboard */,
				9A728BDB263E018400E8605D /* Main.storyboard */,
				9A728BB7263DFFBD00E8605D /* AppDelegate.swift */,
				9A728BD9263E00BB00E8605D /* SceneDelegate.swift */,
			);
			path = UI;
			sourceTree = "<group>";
		};
		9AE6EBEC2619FBFB007C6BBA = {
			isa = PBXGroup;
			children = (
				9AE6EBF72619FBFB007C6BBA /* OwOTracker */,
				9AE6EBF62619FBFB007C6BBA /* Products */,
			);
			sourceTree = "<group>";
		};
		9AE6EBF62619FBFB007C6BBA /* Products */ = {
			isa = PBXGroup;
			children = (
				9AE6EBF52619FBFB007C6BBA /* OwOTracker.app */,
			);
			name = Products;
			sourceTree = "<group>";
		};
		9AE6EBF72619FBFB007C6BBA /* OwOTracker */ = {
			isa = PBXGroup;
			children = (
				9A4EF2AE293046B20060FE20 /* Lib */,
				9A728BE1263E13C000E8605D /* UI */,
				9A728BB6263DD06100E8605D /* SwiftUI */,
				9AE6EC262619FCA0007C6BBA /* math */,
				9AE6EBFC2619FBFD007C6BBA /* Assets.xcassets */,
				9AE6EC012619FBFD007C6BBA /* Info.plist */,
				9AE6EBFE2619FBFD007C6BBA /* Preview Content */,
				9AE6EC47261A3472007C6BBA /* UDPGyroProviderClient.swift */,
				9AE6EC4C261A369D007C6BBA /* TrackingService.swift */,
				9AE6EC51261A3755007C6BBA /* GyroHandler.swift */,
				9A08069C261B565400F92566 /* Logger.swift */,
				9A4EF2AC29302C7E0060FE20 /* AutoDiscovery.swift */,
			);
			path = OwOTracker;
			sourceTree = "<group>";
		};
		9AE6EBFE2619FBFD007C6BBA /* Preview Content */ = {
			isa = PBXGroup;
			children = (
				9AE6EBFF2619FBFD007C6BBA /* Preview Assets.xcassets */,
			);
			path = "Preview Content";
			sourceTree = "<group>";
		};
		9AE6EC262619FCA0007C6BBA /* math */ = {
			isa = PBXGroup;
			children = (
				9AE6EC272619FCC9007C6BBA /* Quaternion.swift */,
				9AE6EC2F2619FEC9007C6BBA /* Vector3.swift */,
			);
			path = math;
			sourceTree = "<group>";
		};
/* End PBXGroup section */

/* Begin PBXNativeTarget section */
		9AE6EBF42619FBFB007C6BBA /* OwOTracker */ = {
			isa = PBXNativeTarget;
			buildConfigurationList = 9AE6EC1A2619FBFD007C6BBA /* Build configuration list for PBXNativeTarget "OwOTracker" */;
			buildPhases = (
				9AE6EBF12619FBFB007C6BBA /* Sources */,
				9AE6EBF22619FBFB007C6BBA /* Frameworks */,
				9AE6EBF32619FBFB007C6BBA /* Resources */,
			);
			buildRules = (
			);
			dependencies = (
			);
			name = OwOTracker;
			productName = OwOTracker;
			productReference = 9AE6EBF52619FBFB007C6BBA /* OwOTracker.app */;
			productType = "com.apple.product-type.application";
		};
/* End PBXNativeTarget section */

/* Begin PBXProject section */
		9AE6EBED2619FBFB007C6BBA /* Project object */ = {
			isa = PBXProject;
			attributes = {
				LastSwiftUpdateCheck = 1240;
				LastUpgradeCheck = 1240;
				TargetAttributes = {
					9AE6EBF42619FBFB007C6BBA = {
						CreatedOnToolsVersion = 12.4;
					};
				};
			};
			buildConfigurationList = 9AE6EBF02619FBFB007C6BBA /* Build configuration list for PBXProject "OwOTracker" */;
			compatibilityVersion = "Xcode 9.3";
			developmentRegion = en;
			hasScannedForEncodings = 0;
			knownRegions = (
				en,
				Base,
			);
			mainGroup = 9AE6EBEC2619FBFB007C6BBA;
			productRefGroup = 9AE6EBF62619FBFB007C6BBA /* Products */;
			projectDirPath = "";
			projectRoot = "";
			targets = (
				9AE6EBF42619FBFB007C6BBA /* OwOTracker */,
			);
		};
/* End PBXProject section */

/* Begin PBXResourcesBuildPhase section */
		9AE6EBF32619FBFB007C6BBA /* Resources */ = {
			isa = PBXResourcesBuildPhase;
			buildActionMask = 2147483647;
			files = (
				9A728BDC263E018400E8605D /* Main.storyboard in Resources */,
				9AE6EC002619FBFD007C6BBA /* Preview Assets.xcassets in Resources */,
				9A728BE0263E139800E8605D /* LaunchScreen.storyboard in Resources */,
				9AE6EBFD2619FBFD007C6BBA /* Assets.xcassets in Resources */,
			);
			runOnlyForDeploymentPostprocessing = 0;
		};
/* End PBXResourcesBuildPhase section */

/* Begin PBXSourcesBuildPhase section */
		9AE6EBF12619FBFB007C6BBA /* Sources */ = {
			isa = PBXSourcesBuildPhase;
			buildActionMask = 2147483647;
			files = (
				9A4EF2B2293046C70060FE20 /* UDPBroadcastConnectionError.swift in Sources */,
				9AE6EC282619FCC9007C6BBA /* Quaternion.swift in Sources */,
				9AE6EBFB2619FBFB007C6BBA /* ContentView.swift in Sources */,
				9AE6EC52261A3755007C6BBA /* GyroHandler.swift in Sources */,
				9A4EF2B1293046C70060FE20 /* UDPBroadcastConnection.swift in Sources */,
				9A728BB8263DFFBD00E8605D /* AppDelegate.swift in Sources */,
				9A728BDE263E020E00E8605D /* ConnectViewController.swift in Sources */,
				9AE6EC302619FEC9007C6BBA /* Vector3.swift in Sources */,
				9A728BE5263E144A00E8605D /* StatusViewController.swift in Sources */,
				9A728BDA263E00BB00E8605D /* SceneDelegate.swift in Sources */,
				9AE6EC48261A3472007C6BBA /* UDPGyroProviderClient.swift in Sources */,
				9A728BE7263E3DF900E8605D /* FadeTextView.swift in Sources */,
				9AE6EC4D261A369D007C6BBA /* TrackingService.swift in Sources */,
				9AE6EBF92619FBFB007C6BBA /* OwOTrackerApp.swift in Sources */,
				9A728BE3263E143F00E8605D /* InfoViewController.swift in Sources */,
				9A4EF2AD29302C7E0060FE20 /* AutoDiscovery.swift in Sources */,
				9A08069D261B565400F92566 /* Logger.swift in Sources */,
			);
			runOnlyForDeploymentPostprocessing = 0;
		};
/* End PBXSourcesBuildPhase section */

/* Begin XCBuildConfiguration section */
		9AE6EC182619FBFD007C6BBA /* Debug */ = {
			isa = XCBuildConfiguration;
			buildSettings = {
				ALWAYS_SEARCH_USER_PATHS = NO;
				CLANG_ANALYZER_NONNULL = YES;
				CLANG_ANALYZER_NUMBER_OBJECT_CONVERSION = YES_AGGRESSIVE;
				CLANG_CXX_LANGUAGE_STANDARD = "gnu++14";
				CLANG_CXX_LIBRARY = "libc++";
				CLANG_ENABLE_MODULES = YES;
				CLANG_ENABLE_OBJC_ARC = YES;
				CLANG_ENABLE_OBJC_WEAK = YES;
				CLANG_WARN_BLOCK_CAPTURE_AUTORELEASING = YES;
				CLANG_WARN_BOOL_CONVERSION = YES;
				CLANG_WARN_COMMA = YES;
				CLANG_WARN_CONSTANT_CONVERSION = YES;
				CLANG_WARN_DEPRECATED_OBJC_IMPLEMENTATIONS = YES;
				CLANG_WARN_DIRECT_OBJC_ISA_USAGE = YES_ERROR;
				CLANG_WARN_DOCUMENTATION_COMMENTS = YES;
				CLANG_WARN_EMPTY_BODY = YES;
				CLANG_WARN_ENUM_CONVERSION = YES;
				CLANG_WARN_INFINITE_RECURSION = YES;
				CLANG_WARN_INT_CONVERSION = YES;
				CLANG_WARN_NON_LITERAL_NULL_CONVERSION = YES;
				CLANG_WARN_OBJC_IMPLICIT_RETAIN_SELF = YES;
				CLANG_WARN_OBJC_LITERAL_CONVERSION = YES;
				CLANG_WARN_OBJC_ROOT_CLASS = YES_ERROR;
				CLANG_WARN_QUOTED_INCLUDE_IN_FRAMEWORK_HEADER = YES;
				CLANG_WARN_RANGE_LOOP_ANALYSIS = YES;
				CLANG_WARN_STRICT_PROTOTYPES = YES;
				CLANG_WARN_SUSPICIOUS_MOVE = YES;
				CLANG_WARN_UNGUARDED_AVAILABILITY = YES_AGGRESSIVE;
				CLANG_WARN_UNREACHABLE_CODE = YES;
				CLANG_WARN__DUPLICATE_METHOD_MATCH = YES;
				COPY_PHASE_STRIP = NO;
				DEBUG_INFORMATION_FORMAT = dwarf;
				ENABLE_STRICT_OBJC_MSGSEND = YES;
				ENABLE_TESTABILITY = YES;
				GCC_C_LANGUAGE_STANDARD = gnu11;
				GCC_DYNAMIC_NO_PIC = NO;
				GCC_NO_COMMON_BLOCKS = YES;
				GCC_OPTIMIZATION_LEVEL = 0;
				GCC_PREPROCESSOR_DEFINITIONS = (
					"DEBUG=1",
					"$(inherited)",
				);
				GCC_WARN_64_TO_32_BIT_CONVERSION = YES;
				GCC_WARN_ABOUT_RETURN_TYPE = YES_ERROR;
				GCC_WARN_UNDECLARED_SELECTOR = YES;
				GCC_WARN_UNINITIALIZED_AUTOS = YES_AGGRESSIVE;
				GCC_WARN_UNUSED_FUNCTION = YES;
				GCC_WARN_UNUSED_VARIABLE = YES;
				IPHONEOS_DEPLOYMENT_TARGET = 12.1;
				MTL_ENABLE_DEBUG_INFO = INCLUDE_SOURCE;
				MTL_FAST_MATH = YES;
				ONLY_ACTIVE_ARCH = YES;
				SDKROOT = iphoneos;
				SWIFT_ACTIVE_COMPILATION_CONDITIONS = DEBUG;
				SWIFT_OPTIMIZATION_LEVEL = "-Onone";
			};
			name = Debug;
		};
		9AE6EC192619FBFD007C6BBA /* Release */ = {
			isa = XCBuildConfiguration;
			buildSettings = {
				ALWAYS_SEARCH_USER_PATHS = NO;
				CLANG_ANALYZER_NONNULL = YES;
				CLANG_ANALYZER_NUMBER_OBJECT_CONVERSION = YES_AGGRESSIVE;
				CLANG_CXX_LANGUAGE_STANDARD = "gnu++14";
				CLANG_CXX_LIBRARY = "libc++";
				CLANG_ENABLE_MODULES = YES;
				CLANG_ENABLE_OBJC_ARC = YES;
				CLANG_ENABLE_OBJC_WEAK = YES;
				CLANG_WARN_BLOCK_CAPTURE_AUTORELEASING = YES;
				CLANG_WARN_BOOL_CONVERSION = YES;
				CLANG_WARN_COMMA = YES;
				CLANG_WARN_CONSTANT_CONVERSION = YES;
				CLANG_WARN_DEPRECATED_OBJC_IMPLEMENTATIONS = YES;
				CLANG_WARN_DIRECT_OBJC_ISA_USAGE = YES_ERROR;
				CLANG_WARN_DOCUMENTATION_COMMENTS = YES;
				CLANG_WARN_EMPTY_BODY = YES;
				CLANG_WARN_ENUM_CONVERSION = YES;
				CLANG_WARN_INFINITE_RECURSION = YES;
				CLANG_WARN_INT_CONVERSION = YES;
				CLANG_WARN_NON_LITERAL_NULL_CONVERSION = YES;
				CLANG_WARN_OBJC_IMPLICIT_RETAIN_SELF = YES;
				CLANG_WARN_OBJC_LITERAL_CONVERSION = YES;
				CLANG_WARN_OBJC_ROOT_CLASS = YES_ERROR;
				CLANG_WARN_QUOTED_INCLUDE_IN_FRAMEWORK_HEADER = YES;
				CLANG_WARN_RANGE_LOOP_ANALYSIS = YES;
				CLANG_WARN_STRICT_PROTOTYPES = YES;
				CLANG_WARN_SUSPICIOUS_MOVE = YES;
				CLANG_WARN_UNGUARDED_AVAILABILITY = YES_AGGRESSIVE;
				CLANG_WARN_UNREACHABLE_CODE = YES;
				CLANG_WARN__DUPLICATE_METHOD_MATCH = YES;
				COPY_PHASE_STRIP = NO;
				DEBUG_INFORMATION_FORMAT = "dwarf-with-dsym";
				ENABLE_NS_ASSERTIONS = NO;
				ENABLE_STRICT_OBJC_MSGSEND = YES;
				GCC_C_LANGUAGE_STANDARD = gnu11;
				GCC_NO_COMMON_BLOCKS = YES;
				GCC_WARN_64_TO_32_BIT_CONVERSION = YES;
				GCC_WARN_ABOUT_RETURN_TYPE = YES_ERROR;
				GCC_WARN_UNDECLARED_SELECTOR = YES;
				GCC_WARN_UNINITIALIZED_AUTOS = YES_AGGRESSIVE;
				GCC_WARN_UNUSED_FUNCTION = YES;
				GCC_WARN_UNUSED_VARIABLE = YES;
				IPHONEOS_DEPLOYMENT_TARGET = 12.1;
				MTL_ENABLE_DEBUG_INFO = NO;
				MTL_FAST_MATH = YES;
				SDKROOT = iphoneos;
				SWIFT_COMPILATION_MODE = wholemodule;
				SWIFT_OPTIMIZATION_LEVEL = "-O";
				VALIDATE_PRODUCT = YES;
			};
			name = Release;
		};
		9AE6EC1B2619FBFD007C6BBA /* Debug */ = {
			isa = XCBuildConfiguration;
			buildSettings = {
				ASSETCATALOG_COMPILER_APPICON_NAME = AppIcon;
				ASSETCATALOG_COMPILER_GLOBAL_ACCENT_COLOR_NAME = AccentColor;
				CODE_SIGN_STYLE = Automatic;
				CURRENT_PROJECT_VERSION = 4;
				DEVELOPMENT_ASSET_PATHS = "\"OwOTracker/Preview Content\"";
				DEVELOPMENT_TEAM = QG96Y277J7;
				ENABLE_BITCODE = YES;
				ENABLE_PREVIEWS = YES;
				INFOPLIST_FILE = OwOTracker/Info.plist;
				IPHONEOS_DEPLOYMENT_TARGET = 12.1;
				LD_RUNPATH_SEARCH_PATHS = (
					"$(inherited)",
					"@executable_path/Frameworks",
				);
				MARKETING_VERSION = 1.5;
				PRODUCT_BUNDLE_IDENTIFIER = de.ferdinandmartini.owotracker;
				PRODUCT_NAME = "$(TARGET_NAME)";
				SWIFT_VERSION = 5.0;
				TARGETED_DEVICE_FAMILY = "1,2";
			};
			name = Debug;
		};
		9AE6EC1C2619FBFD007C6BBA /* Release */ = {
			isa = XCBuildConfiguration;
			buildSettings = {
				ASSETCATALOG_COMPILER_APPICON_NAME = AppIcon;
				ASSETCATALOG_COMPILER_GLOBAL_ACCENT_COLOR_NAME = AccentColor;
				CODE_SIGN_STYLE = Automatic;
				CURRENT_PROJECT_VERSION = 4;
				DEVELOPMENT_ASSET_PATHS = "\"OwOTracker/Preview Content\"";
				DEVELOPMENT_TEAM = QG96Y277J7;
				ENABLE_BITCODE = YES;
				ENABLE_PREVIEWS = YES;
				INFOPLIST_FILE = OwOTracker/Info.plist;
				IPHONEOS_DEPLOYMENT_TARGET = 12.1;
				LD_RUNPATH_SEARCH_PATHS = (
					"$(inherited)",
					"@executable_path/Frameworks",
				);
				MARKETING_VERSION = 1.5;
				PRODUCT_BUNDLE_IDENTIFIER = de.ferdinandmartini.owotracker;
				PRODUCT_NAME = "$(TARGET_NAME)";
				SWIFT_VERSION = 5.0;
				TARGETED_DEVICE_FAMILY = "1,2";
			};
			name = Release;
		};
/* End XCBuildConfiguration section */

/* Begin XCConfigurationList section */
		9AE6EBF02619FBFB007C6BBA /* Build configuration list for PBXProject "OwOTracker" */ = {
			isa = XCConfigurationList;
			buildConfigurations = (
				9AE6EC182619FBFD007C6BBA /* Debug */,
				9AE6EC192619FBFD007C6BBA /* Release */,
			);
			defaultConfigurationIsVisible = 0;
			defaultConfigurationName = Release;
		};
		9AE6EC1A2619FBFD007C6BBA /* Build configuration list for PBXNativeTarget "OwOTracker" */ = {
			isa = XCConfigurationList;
			buildConfigurations = (
				9AE6EC1B2619FBFD007C6BBA /* Debug */,
				9AE6EC1C2619FBFD007C6BBA /* Release */,
			);
			defaultConfigurationIsVisible = 0;
			defaultConfigurationName = Release;
		};
/* End XCConfigurationList section */
	};
	rootObject = 9AE6EBED2619FBFB007C6BBA /* Project object */;
}
